{
    "_meta": {
        "hash": {
            "sha256": "33151d236d277d741902b6210032ba0422c72b665df9a12e8883d96de0701356"
        },
        "pipfile-spec": 6,
        "requires": {
            "python_version": "3.8"
        },
        "sources": [
            {
                "name": "pypi",
                "url": "https://pypi.org/simple",
                "verify_ssl": true
            }
        ]
    },
    "default": {},
    "develop": {}
}
